
Microsoft Visual Studio Solution File, Format Version 12.00
# Visual Studio Version 17
VisualStudioVersion = 17.0.31903.59
MinimumVisualStudioVersion = 10.0.40219.1
Project("{2150E333-8FDC-42A3-9474-1A3956D46DE8}") = "src", "src", "{FB3AB26D-ECED-4828-89D5-294F67DD5C12}"
EndProject
Project("{FAE04EC0-301F-11D3-BF4B-00C04F79EFBC}") = "AuctionService", "src\AuctionService\AuctionService.csproj", "{A2444AC9-DEE2-43B3-B467-3C1C073473F7}"
EndProject
Project("{FAE04EC0-301F-11D3-BF4B-00C04F79EFBC}") = "SearchService", "src\SearchService\SearchService.csproj", "{652C5942-DC98-4E53-BC9C-4425FD3C455B}"
EndProject
Project("{FAE04EC0-301F-11D3-BF4B-00C04F79EFBC}") = "Contracts", "src\Contracts\Contracts.csproj", "{77A92009-2E31-4678-AA3E-5B0D98ACBAB6}"
EndProject
Project("{FAE04EC0-301F-11D3-BF4B-00C04F79EFBC}") = "IdentityService", "src\IdentityService\IdentityService.csproj", "{C83123FA-5B7F-4643-95CF-F4082BF350B4}"
EndProject
Project("{FAE04EC0-301F-11D3-BF4B-00C04F79EFBC}") = "GatewayService", "src\GatewayService\GatewayService.csproj", "{653367A2-F286-483D-BBB1-7E416C164964}"
EndProject
Global
	GlobalSection(SolutionConfigurationPlatforms) = preSolution
		Debug|Any CPU = Debug|Any CPU
		Release|Any CPU = Release|Any CPU
	EndGlobalSection
	GlobalSection(SolutionProperties) = preSolution
		HideSolutionNode = FALSE
	EndGlobalSection
	GlobalSection(ProjectConfigurationPlatforms) = postSolution
		{A2444AC9-DEE2-43B3-B467-3C1C073473F7}.Debug|Any CPU.ActiveCfg = Debug|Any CPU
		{A2444AC9-DEE2-43B3-B467-3C1C073473F7}.Debug|Any CPU.Build.0 = Debug|Any CPU
		{A2444AC9-DEE2-43B3-B467-3C1C073473F7}.Release|Any CPU.ActiveCfg = Release|Any CPU
		{A2444AC9-DEE2-43B3-B467-3C1C073473F7}.Release|Any CPU.Build.0 = Release|Any CPU
		{652C5942-DC98-4E53-BC9C-4425FD3C455B}.Debug|Any CPU.ActiveCfg = Debug|Any CPU
		{652C5942-DC98-4E53-BC9C-4425FD3C455B}.Debug|Any CPU.Build.0 = Debug|Any CPU
		{652C5942-DC98-4E53-BC9C-4425FD3C455B}.Release|Any CPU.ActiveCfg = Release|Any CPU
		{652C5942-DC98-4E53-BC9C-4425FD3C455B}.Release|Any CPU.Build.0 = Release|Any CPU
		{77A92009-2E31-4678-AA3E-5B0D98ACBAB6}.Debug|Any CPU.ActiveCfg = Debug|Any CPU
		{77A92009-2E31-4678-AA3E-5B0D98ACBAB6}.Debug|Any CPU.Build.0 = Debug|Any CPU
		{77A92009-2E31-4678-AA3E-5B0D98ACBAB6}.Release|Any CPU.ActiveCfg = Release|Any CPU
		{77A92009-2E31-4678-AA3E-5B0D98ACBAB6}.Release|Any CPU.Build.0 = Release|Any CPU
		{C83123FA-5B7F-4643-95CF-F4082BF350B4}.Debug|Any CPU.ActiveCfg = Debug|Any CPU
		{C83123FA-5B7F-4643-95CF-F4082BF350B4}.Debug|Any CPU.Build.0 = Debug|Any CPU
		{C83123FA-5B7F-4643-95CF-F4082BF350B4}.Release|Any CPU.ActiveCfg = Release|Any CPU
		{C83123FA-5B7F-4643-95CF-F4082BF350B4}.Release|Any CPU.Build.0 = Release|Any CPU
		{653367A2-F286-483D-BBB1-7E416C164964}.Debug|Any CPU.ActiveCfg = Debug|Any CPU
		{653367A2-F286-483D-BBB1-7E416C164964}.Debug|Any CPU.Build.0 = Debug|Any CPU
		{653367A2-F286-483D-BBB1-7E416C164964}.Release|Any CPU.ActiveCfg = Release|Any CPU
		{653367A2-F286-483D-BBB1-7E416C164964}.Release|Any CPU.Build.0 = Release|Any CPU
	EndGlobalSection
	GlobalSection(NestedProjects) = preSolution
		{A2444AC9-DEE2-43B3-B467-3C1C073473F7} = {FB3AB26D-ECED-4828-89D5-294F67DD5C12}
		{652C5942-DC98-4E53-BC9C-4425FD3C455B} = {FB3AB26D-ECED-4828-89D5-294F67DD5C12}
		{77A92009-2E31-4678-AA3E-5B0D98ACBAB6} = {FB3AB26D-ECED-4828-89D5-294F67DD5C12}
		{C83123FA-5B7F-4643-95CF-F4082BF350B4} = {FB3AB26D-ECED-4828-89D5-294F67DD5C12}
		{653367A2-F286-483D-BBB1-7E416C164964} = {FB3AB26D-ECED-4828-89D5-294F67DD5C12}
	EndGlobalSection
EndGlobal
